
Microsoft Visual Studio Solution File, Format Version 12.00
# Visual Studio Version 16
VisualStudioVersion = 16.0.29905.134
MinimumVisualStudioVersion = 10.0.40219.1
Project("{9A19103F-16F7-4668-BE54-9A1E7A4F7556}") = "MadPay724.Data", "MadPay724.Data\MadPay724.Data.csproj", "{3DCAA40F-E0F7-4573-BAF3-42ED6BE54381}"
EndProject
Project("{9A19103F-16F7-4668-BE54-9A1E7A4F7556}") = "MadPay724.Common", "MadPay724.Common\MadPay724.Common.csproj", "{B3F9937D-1A59-42AB-AED7-311B8D844672}"
EndProject
Project("{9A19103F-16F7-4668-BE54-9A1E7A4F7556}") = "MadPay724.Repo", "MadPay724.Repo\MadPay724.Repo.csproj", "{AC15D416-A631-4DBB-8F75-9449A6F91092}"
EndProject
Project("{9A19103F-16F7-4668-BE54-9A1E7A4F7556}") = "MadPay724.Services", "MadPay724.Services\MadPay724.Services.csproj", "{3AF65235-DAF4-43BC-AE26-E573DAE91CBC}"
EndProject
Project("{9A19103F-16F7-4668-BE54-9A1E7A4F7556}") = "MadPay724.Presentation", "MadPay724.Presentation\MadPay724.Presentation.csproj", "{501FDF06-9A85-448A-9BB2-601389D34014}"
EndProject
Global
	GlobalSection(SolutionConfigurationPlatforms) = preSolution
		Debug|Any CPU = Debug|Any CPU
		Release|Any CPU = Release|Any CPU
	EndGlobalSection
	GlobalSection(ProjectConfigurationPlatforms) = postSolution
		{3DCAA40F-E0F7-4573-BAF3-42ED6BE54381}.Debug|Any CPU.ActiveCfg = Debug|Any CPU
		{3DCAA40F-E0F7-4573-BAF3-42ED6BE54381}.Debug|Any CPU.Build.0 = Debug|Any CPU
		{3DCAA40F-E0F7-4573-BAF3-42ED6BE54381}.Release|Any CPU.ActiveCfg = Release|Any CPU
		{3DCAA40F-E0F7-4573-BAF3-42ED6BE54381}.Release|Any CPU.Build.0 = Release|Any CPU
		{B3F9937D-1A59-42AB-AED7-311B8D844672}.Debug|Any CPU.ActiveCfg = Debug|Any CPU
		{B3F9937D-1A59-42AB-AED7-311B8D844672}.Debug|Any CPU.Build.0 = Debug|Any CPU
		{B3F9937D-1A59-42AB-AED7-311B8D844672}.Release|Any CPU.ActiveCfg = Release|Any CPU
		{B3F9937D-1A59-42AB-AED7-311B8D844672}.Release|Any CPU.Build.0 = Release|Any CPU
		{AC15D416-A631-4DBB-8F75-9449A6F91092}.Debug|Any CPU.ActiveCfg = Debug|Any CPU
		{AC15D416-A631-4DBB-8F75-9449A6F91092}.Debug|Any CPU.Build.0 = Debug|Any CPU
		{AC15D416-A631-4DBB-8F75-9449A6F91092}.Release|Any CPU.ActiveCfg = Release|Any CPU
		{AC15D416-A631-4DBB-8F75-9449A6F91092}.Release|Any CPU.Build.0 = Release|Any CPU
		{3AF65235-DAF4-43BC-AE26-E573DAE91CBC}.Debug|Any CPU.ActiveCfg = Debug|Any CPU
		{3AF65235-DAF4-43BC-AE26-E573DAE91CBC}.Debug|Any CPU.Build.0 = Debug|Any CPU
		{3AF65235-DAF4-43BC-AE26-E573DAE91CBC}.Release|Any CPU.ActiveCfg = Release|Any CPU
		{3AF65235-DAF4-43BC-AE26-E573DAE91CBC}.Release|Any CPU.Build.0 = Release|Any CPU
		{501FDF06-9A85-448A-9BB2-601389D34014}.Debug|Any CPU.ActiveCfg = Debug|Any CPU
		{501FDF06-9A85-448A-9BB2-601389D34014}.Debug|Any CPU.Build.0 = Debug|Any CPU
		{501FDF06-9A85-448A-9BB2-601389D34014}.Release|Any CPU.ActiveCfg = Release|Any CPU
		{501FDF06-9A85-448A-9BB2-601389D34014}.Release|Any CPU.Build.0 = Release|Any CPU
	EndGlobalSection
	GlobalSection(SolutionProperties) = preSolution
		HideSolutionNode = FALSE
	EndGlobalSection
	GlobalSection(ExtensibilityGlobals) = postSolution
		SolutionGuid = {43C7B047-7AA7-42C0-8B6D-B51E99B425A4}
	EndGlobalSection
EndGlobal
